
Microsoft Visual Studio Solution File, Format Version 12.00
# Visual Studio Version 17
VisualStudioVersion = 17.3.32825.248
MinimumVisualStudioVersion = 10.0.40219.1
Project("{9A19103F-16F7-4668-BE54-9A1E7A4F7556}") = "SteamAppBranchWatcher", "SteamAppBranchWatcher.csproj", "{8ED3DDA2-8225-40AF-B3B5-39E3194996AA}"
EndProject
Global
	GlobalSection(SolutionConfigurationPlatforms) = preSolution
		Debug|Any CPU = Debug|Any CPU
		Release|Any CPU = Release|Any CPU
	EndGlobalSection
	GlobalSection(ProjectConfigurationPlatforms) = postSolution
		{8ED3DDA2-8225-40AF-B3B5-39E3194996AA}.Debug|Any CPU.ActiveCfg = Debug|Any CPU
		{8ED3DDA2-8225-40AF-B3B5-39E3194996AA}.Debug|Any CPU.Build.0 = Debug|Any CPU
		{8ED3DDA2-8225-40AF-B3B5-39E3194996AA}.Release|Any CPU.ActiveCfg = Release|Any CPU
		{8ED3DDA2-8225-40AF-B3B5-39E3194996AA}.Release|Any CPU.Build.0 = Release|Any CPU
	EndGlobalSection
	GlobalSection(SolutionProperties) = preSolution
		HideSolutionNode = FALSE
	EndGlobalSection
	GlobalSection(ExtensibilityGlobals) = postSolution
		SolutionGuid = {2E223444-82D8-4BA2-90F8-A906F5B93168}
	EndGlobalSection
EndGlobal
